{
  "name": "bluetext",
  "version": "1.0.0",
  "lockfileVersion": 3,
  "requires": true,
  "packages": {
    "": {
      "name": "bluetext",
      "version": "1.0.0",
      "dependencies": {
        "chinese-conv": "^4.0.0"
      }
    },
    "node_modules/chinese-conv": {
      "version": "4.0.0",
      "resolved": "https://registry.npmjs.org/chinese-conv/-/chinese-conv-4.0.0.tgz",
      "integrity": "sha512-PVBMzvv6CtX1cubaDXfxYscIdbOAHPuY/E2vnfJIzOACX+xIW4NRKRlNsZVI2p5KxGsXyUp7tVHfvQlqZ4yx/w==",
      "license": "MIT",
      "engines": {
        "node": "^20.19.0 || >=22.12.0"
      }
    }
  }
}
