lockfileVersion: '9.0'

settings:
  autoInstallPeers: true
  excludeLinksFromLockfile: false

importers:

  .:
    dependencies:
      chinese-conv:
        specifier: ^4.0.0
        version: 4.0.0

packages:

  chinese-conv@4.0.0:
    resolution: {integrity: sha512-PVBMzvv6CtX1cubaDXfxYscIdbOAHPuY/E2vnfJIzOACX+xIW4NRKRlNsZVI2p5KxGsXyUp7tVHfvQlqZ4yx/w==}
    engines: {node: ^20.19.0 || >=22.12.0}

snapshots:

  chinese-conv@4.0.0: {}
